
Microsoft Visual Studio Solution File, Format Version 12.00
# Visual Studio Version 16
VisualStudioVersion = 16.0.30114.105
MinimumVisualStudioVersion = 10.0.40219.1
Project("{9A19103F-16F7-4668-BE54-9A1E7A4F7556}") = "FamilyTreeProject", "FamilyTreeProject.csproj", "{626DCBA3-1F71-4BFC-957C-35FE170F5507}"
EndProject
Project("{FAE04EC0-301F-11D3-BF4B-00C04F79EFBC}") = "DataAccessLayer", "..\DataAccessLayer\DataAccessLayer.csproj", "{7B54C4D5-6603-49FE-8272-7C7DCF7099EE}"
EndProject
Project("{FAE04EC0-301F-11D3-BF4B-00C04F79EFBC}") = "BusinessLogicLayer", "..\BusinessLogicLayer\BusinessLogicLayer.csproj", "{35BFDEF3-B6D3-4D23-9B36-81B1C286DB97}"
EndProject
Global
	GlobalSection(SolutionConfigurationPlatforms) = preSolution
		Debug|Any CPU = Debug|Any CPU
		Release|Any CPU = Release|Any CPU
	EndGlobalSection
	GlobalSection(ProjectConfigurationPlatforms) = postSolution
		{626DCBA3-1F71-4BFC-957C-35FE170F5507}.Debug|Any CPU.ActiveCfg = Debug|Any CPU
		{626DCBA3-1F71-4BFC-957C-35FE170F5507}.Debug|Any CPU.Build.0 = Debug|Any CPU
		{626DCBA3-1F71-4BFC-957C-35FE170F5507}.Release|Any CPU.ActiveCfg = Release|Any CPU
		{626DCBA3-1F71-4BFC-957C-35FE170F5507}.Release|Any CPU.Build.0 = Release|Any CPU
		{7B54C4D5-6603-49FE-8272-7C7DCF7099EE}.Debug|Any CPU.ActiveCfg = Debug|Any CPU
		{7B54C4D5-6603-49FE-8272-7C7DCF7099EE}.Debug|Any CPU.Build.0 = Debug|Any CPU
		{7B54C4D5-6603-49FE-8272-7C7DCF7099EE}.Release|Any CPU.ActiveCfg = Release|Any CPU
		{7B54C4D5-6603-49FE-8272-7C7DCF7099EE}.Release|Any CPU.Build.0 = Release|Any CPU
		{35BFDEF3-B6D3-4D23-9B36-81B1C286DB97}.Debug|Any CPU.ActiveCfg = Debug|Any CPU
		{35BFDEF3-B6D3-4D23-9B36-81B1C286DB97}.Debug|Any CPU.Build.0 = Debug|Any CPU
		{35BFDEF3-B6D3-4D23-9B36-81B1C286DB97}.Release|Any CPU.ActiveCfg = Release|Any CPU
		{35BFDEF3-B6D3-4D23-9B36-81B1C286DB97}.Release|Any CPU.Build.0 = Release|Any CPU
	EndGlobalSection
	GlobalSection(SolutionProperties) = preSolution
		HideSolutionNode = FALSE
	EndGlobalSection
	GlobalSection(ExtensibilityGlobals) = postSolution
		SolutionGuid = {EF58F5C2-C2E8-40A9-948A-22CA5F4A6924}
	EndGlobalSection
EndGlobal
